
Microsoft Visual Studio Solution File, Format Version 12.00
# Visual Studio Version 17
VisualStudioVersion = 17.7.34202.233
MinimumVisualStudioVersion = 10.0.40219.1
Project("{FAE04EC0-301F-11D3-BF4B-00C04F79EFBC}") = "Crawler.Main", "Crawler\Crawler.Main.csproj", "{6406BB9A-E945-4691-BDC1-6A024EDC1E79}"
EndProject
Project("{FAE04EC0-301F-11D3-BF4B-00C04F79EFBC}") = "Crawler.Database", "Crawler.Database\Crawler.Database.csproj", "{FAD38AA9-722B-4D0B-AACE-C6E483FB85AA}"
EndProject
Project("{FAE04EC0-301F-11D3-BF4B-00C04F79EFBC}") = "Crawler.Core", "Crawler.Core\Crawler.Core.csproj", "{C82950EC-0E32-4088-AB4F-3B8FF44572B8}"
EndProject
Global
	GlobalSection(SolutionConfigurationPlatforms) = preSolution
		Debug|Any CPU = Debug|Any CPU
		Release|Any CPU = Release|Any CPU
	EndGlobalSection
	GlobalSection(ProjectConfigurationPlatforms) = postSolution
		{6406BB9A-E945-4691-BDC1-6A024EDC1E79}.Debug|Any CPU.ActiveCfg = Debug|Any CPU
		{6406BB9A-E945-4691-BDC1-6A024EDC1E79}.Debug|Any CPU.Build.0 = Debug|Any CPU
		{6406BB9A-E945-4691-BDC1-6A024EDC1E79}.Release|Any CPU.ActiveCfg = Release|Any CPU
		{6406BB9A-E945-4691-BDC1-6A024EDC1E79}.Release|Any CPU.Build.0 = Release|Any CPU
		{FAD38AA9-722B-4D0B-AACE-C6E483FB85AA}.Debug|Any CPU.ActiveCfg = Debug|Any CPU
		{FAD38AA9-722B-4D0B-AACE-C6E483FB85AA}.Debug|Any CPU.Build.0 = Debug|Any CPU
		{FAD38AA9-722B-4D0B-AACE-C6E483FB85AA}.Release|Any CPU.ActiveCfg = Release|Any CPU
		{FAD38AA9-722B-4D0B-AACE-C6E483FB85AA}.Release|Any CPU.Build.0 = Release|Any CPU
		{C82950EC-0E32-4088-AB4F-3B8FF44572B8}.Debug|Any CPU.ActiveCfg = Debug|Any CPU
		{C82950EC-0E32-4088-AB4F-3B8FF44572B8}.Debug|Any CPU.Build.0 = Debug|Any CPU
		{C82950EC-0E32-4088-AB4F-3B8FF44572B8}.Release|Any CPU.ActiveCfg = Release|Any CPU
		{C82950EC-0E32-4088-AB4F-3B8FF44572B8}.Release|Any CPU.Build.0 = Release|Any CPU
	EndGlobalSection
	GlobalSection(SolutionProperties) = preSolution
		HideSolutionNode = FALSE
	EndGlobalSection
	GlobalSection(ExtensibilityGlobals) = postSolution
		SolutionGuid = {485B8F88-92A3-454A-B2FB-87B3FD6A2F0D}
	EndGlobalSection
EndGlobal
