
Microsoft Visual Studio Solution File, Format Version 12.00
# Visual Studio Version 17
VisualStudioVersion = 17.7.34202.233
MinimumVisualStudioVersion = 10.0.40219.1
Project("{FAE04EC0-301F-11D3-BF4B-00C04F79EFBC}") = "Storage.Main", "Storage\Storage.Main.csproj", "{5393F335-54BE-41F4-A61F-016265D779A6}"
EndProject
Project("{FAE04EC0-301F-11D3-BF4B-00C04F79EFBC}") = "Storage.Database", "Storage.Database\Storage.Database.csproj", "{D4CEEEA3-24A2-4DD4-A966-0BA3DCE944F2}"
EndProject
Global
	GlobalSection(SolutionConfigurationPlatforms) = preSolution
		Debug|Any CPU = Debug|Any CPU
		Release|Any CPU = Release|Any CPU
	EndGlobalSection
	GlobalSection(ProjectConfigurationPlatforms) = postSolution
		{5393F335-54BE-41F4-A61F-016265D779A6}.Debug|Any CPU.ActiveCfg = Debug|Any CPU
		{5393F335-54BE-41F4-A61F-016265D779A6}.Debug|Any CPU.Build.0 = Debug|Any CPU
		{5393F335-54BE-41F4-A61F-016265D779A6}.Release|Any CPU.ActiveCfg = Release|Any CPU
		{5393F335-54BE-41F4-A61F-016265D779A6}.Release|Any CPU.Build.0 = Release|Any CPU
		{D4CEEEA3-24A2-4DD4-A966-0BA3DCE944F2}.Debug|Any CPU.ActiveCfg = Debug|Any CPU
		{D4CEEEA3-24A2-4DD4-A966-0BA3DCE944F2}.Debug|Any CPU.Build.0 = Debug|Any CPU
		{D4CEEEA3-24A2-4DD4-A966-0BA3DCE944F2}.Release|Any CPU.ActiveCfg = Release|Any CPU
		{D4CEEEA3-24A2-4DD4-A966-0BA3DCE944F2}.Release|Any CPU.Build.0 = Release|Any CPU
	EndGlobalSection
	GlobalSection(SolutionProperties) = preSolution
		HideSolutionNode = FALSE
	EndGlobalSection
	GlobalSection(ExtensibilityGlobals) = postSolution
		SolutionGuid = {B3A38455-DB18-4FC5-A8C8-90AB15665CFA}
	EndGlobalSection
EndGlobal
